
Microsoft Visual Studio Solution File, Format Version 12.00
# Visual Studio 15
VisualStudioVersion = 15.0.27004.2005
MinimumVisualStudioVersion = 10.0.40219.1
Project("{FAE04EC0-301F-11D3-BF4B-00C04F79EFBC}") = "AKKA.Library.Demo", "AKKA.Library.Demo\AKKA.Library.Demo.csproj", "{2A1AA274-180E-4F8E-8739-E3EC9C74B4CE}"
EndProject
Project("{FAE04EC0-301F-11D3-BF4B-00C04F79EFBC}") = "AKKA.AppConsole.Remote", "AKKA.AppConsole.Remote\AKKA.AppConsole.Remote.csproj", "{E963F6C1-31D8-41C9-8EBF-7CCC4FE31D9D}"
EndProject
Project("{FAE04EC0-301F-11D3-BF4B-00C04F79EFBC}") = "AKKA.AppConsole.Remote.Client", "AKKA.AppConsole.Remote.Client\AKKA.AppConsole.Remote.Client.csproj", "{D7E45719-0316-4220-B096-6E2D1DC3C7F4}"
EndProject
Project("{FAE04EC0-301F-11D3-BF4B-00C04F79EFBC}") = "AKKA.AppConsole", "AKKA.AppConsole\AKKA.AppConsole.csproj", "{D5A82A41-B5EE-467A-A804-C54C8957C4A1}"
EndProject
Project("{FAE04EC0-301F-11D3-BF4B-00C04F79EFBC}") = "AKKA.Demo.Test", "AKKA.Demo.Test\AKKA.Demo.Test.csproj", "{6AA4438B-122E-4C11-AC89-9D0D84E21D46}"
EndProject
Project("{2150E333-8FDC-42A3-9474-1A3956D46DE8}") = "Demo", "Demo", "{6FF8AA55-3D84-491B-9D91-E6C535A58263}"
EndProject
Project("{2150E333-8FDC-42A3-9474-1A3956D46DE8}") = "Demo Remoting", "Demo Remoting", "{69B83355-A5D6-48EA-BF33-AB46A72F7F43}"
EndProject
Project("{2150E333-8FDC-42A3-9474-1A3956D46DE8}") = "Demo Testing", "Demo Testing", "{88408962-D427-4798-AA5F-95510EA21CE6}"
EndProject
Project("{2150E333-8FDC-42A3-9474-1A3956D46DE8}") = "Library", "Library", "{F15B2847-98D1-4166-8E57-37F6FAEAF6A2}"
EndProject
Global
	GlobalSection(SolutionConfigurationPlatforms) = preSolution
		Debug|Any CPU = Debug|Any CPU
		Release|Any CPU = Release|Any CPU
	EndGlobalSection
	GlobalSection(ProjectConfigurationPlatforms) = postSolution
		{2A1AA274-180E-4F8E-8739-E3EC9C74B4CE}.Debug|Any CPU.ActiveCfg = Debug|Any CPU
		{2A1AA274-180E-4F8E-8739-E3EC9C74B4CE}.Debug|Any CPU.Build.0 = Debug|Any CPU
		{2A1AA274-180E-4F8E-8739-E3EC9C74B4CE}.Release|Any CPU.ActiveCfg = Release|Any CPU
		{2A1AA274-180E-4F8E-8739-E3EC9C74B4CE}.Release|Any CPU.Build.0 = Release|Any CPU
		{E963F6C1-31D8-41C9-8EBF-7CCC4FE31D9D}.Debug|Any CPU.ActiveCfg = Debug|Any CPU
		{E963F6C1-31D8-41C9-8EBF-7CCC4FE31D9D}.Debug|Any CPU.Build.0 = Debug|Any CPU
		{E963F6C1-31D8-41C9-8EBF-7CCC4FE31D9D}.Release|Any CPU.ActiveCfg = Release|Any CPU
		{E963F6C1-31D8-41C9-8EBF-7CCC4FE31D9D}.Release|Any CPU.Build.0 = Release|Any CPU
		{D7E45719-0316-4220-B096-6E2D1DC3C7F4}.Debug|Any CPU.ActiveCfg = Debug|Any CPU
		{D7E45719-0316-4220-B096-6E2D1DC3C7F4}.Debug|Any CPU.Build.0 = Debug|Any CPU
		{D7E45719-0316-4220-B096-6E2D1DC3C7F4}.Release|Any CPU.ActiveCfg = Release|Any CPU
		{D7E45719-0316-4220-B096-6E2D1DC3C7F4}.Release|Any CPU.Build.0 = Release|Any CPU
		{D5A82A41-B5EE-467A-A804-C54C8957C4A1}.Debug|Any CPU.ActiveCfg = Debug|Any CPU
		{D5A82A41-B5EE-467A-A804-C54C8957C4A1}.Debug|Any CPU.Build.0 = Debug|Any CPU
		{D5A82A41-B5EE-467A-A804-C54C8957C4A1}.Release|Any CPU.ActiveCfg = Release|Any CPU
		{D5A82A41-B5EE-467A-A804-C54C8957C4A1}.Release|Any CPU.Build.0 = Release|Any CPU
		{6AA4438B-122E-4C11-AC89-9D0D84E21D46}.Debug|Any CPU.ActiveCfg = Debug|Any CPU
		{6AA4438B-122E-4C11-AC89-9D0D84E21D46}.Debug|Any CPU.Build.0 = Debug|Any CPU
		{6AA4438B-122E-4C11-AC89-9D0D84E21D46}.Release|Any CPU.ActiveCfg = Release|Any CPU
		{6AA4438B-122E-4C11-AC89-9D0D84E21D46}.Release|Any CPU.Build.0 = Release|Any CPU
	EndGlobalSection
	GlobalSection(SolutionProperties) = preSolution
		HideSolutionNode = FALSE
	EndGlobalSection
	GlobalSection(NestedProjects) = preSolution
		{2A1AA274-180E-4F8E-8739-E3EC9C74B4CE} = {F15B2847-98D1-4166-8E57-37F6FAEAF6A2}
		{E963F6C1-31D8-41C9-8EBF-7CCC4FE31D9D} = {69B83355-A5D6-48EA-BF33-AB46A72F7F43}
		{D7E45719-0316-4220-B096-6E2D1DC3C7F4} = {69B83355-A5D6-48EA-BF33-AB46A72F7F43}
		{D5A82A41-B5EE-467A-A804-C54C8957C4A1} = {6FF8AA55-3D84-491B-9D91-E6C535A58263}
		{6AA4438B-122E-4C11-AC89-9D0D84E21D46} = {88408962-D427-4798-AA5F-95510EA21CE6}
	EndGlobalSection
	GlobalSection(ExtensibilityGlobals) = postSolution
		SolutionGuid = {DECDCE9E-D1FB-4CC5-98A9-3897A3440E05}
	EndGlobalSection
EndGlobal
