
Microsoft Visual Studio Solution File, Format Version 12.00
# Visual Studio 15
VisualStudioVersion = 15.0.27004.2005
MinimumVisualStudioVersion = 10.0.40219.1
Project("{FAE04EC0-301F-11D3-BF4B-00C04F79EFBC}") = "AKKA.AppConsole", "Demo1\AKKA.AppConsole\AKKA.AppConsole.csproj", "{D5A82A41-B5EE-467A-A804-C54C8957C4A1}"
EndProject
Global
	GlobalSection(SolutionConfigurationPlatforms) = preSolution
		Debug|Any CPU = Debug|Any CPU
		Release|Any CPU = Release|Any CPU
	EndGlobalSection
	GlobalSection(ProjectConfigurationPlatforms) = postSolution
		{D5A82A41-B5EE-467A-A804-C54C8957C4A1}.Debug|Any CPU.ActiveCfg = Debug|Any CPU
		{D5A82A41-B5EE-467A-A804-C54C8957C4A1}.Debug|Any CPU.Build.0 = Debug|Any CPU
		{D5A82A41-B5EE-467A-A804-C54C8957C4A1}.Release|Any CPU.ActiveCfg = Release|Any CPU
		{D5A82A41-B5EE-467A-A804-C54C8957C4A1}.Release|Any CPU.Build.0 = Release|Any CPU
	EndGlobalSection
	GlobalSection(SolutionProperties) = preSolution
		HideSolutionNode = FALSE
	EndGlobalSection
	GlobalSection(ExtensibilityGlobals) = postSolution
		SolutionGuid = {DECDCE9E-D1FB-4CC5-98A9-3897A3440E05}
	EndGlobalSection
EndGlobal
